// !$*UTF8*$!
{
	archiveVersion = 1;
	classes = {
	};
	objectVersion = 46;
	objects = {

/* Begin PBXBuildFile section */
		CEE98A161ADAE0D000CF9362 /* main.m in Sources */ = {isa = PBXBuildFile; fileRef = CEE98A151ADAE0D000CF9362 /* main.m */; };
		CEE98A191ADAE0D000CF9362 /* AppDelegate.m in Sources */ = {isa = PBXBuildFile; fileRef = CEE98A181ADAE0D000CF9362 /* AppDelegate.m */; };
		CEE98A1C1ADAE0D000CF9362 /* ViewController.m in Sources */ = {isa = PBXBuildFile; fileRef = CEE98A1B1ADAE0D000CF9362 /* ViewController.m */; };
		CEE98A1F1ADAE0D000CF9362 /* Main.storyboard in Resources */ = {isa = PBXBuildFile; fileRef = CEE98A1D1ADAE0D000CF9362 /* Main.storyboard */; };
		CEE98A211ADAE0D000CF9362 /* Images.xcassets in Resources */ = {isa = PBXBuildFile; fileRef = CEE98A201ADAE0D000CF9362 /* Images.xcassets */; };
		CEE98A301ADAE0D000CF9362 /* NamelessTests.m in Sources */ = {isa = PBXBuildFile; fileRef = CEE98A2F1ADAE0D000CF9362 /* NamelessTests.m */; };
/* End PBXBuildFile section */

/* Begin PBXContainerItemProxy section */
		CEE98A2A1ADAE0D000CF9362 /* PBXContainerItemProxy */ = {
			isa = PBXContainerItemProxy;
			containerPortal = CEE98A081ADAE0D000CF9362 /* Project object */;
			proxyType = 1;
			remoteGlobalIDString = CEE98A0F1ADAE0D000CF9362;
			remoteInfo = Nameless;
		};
/* End PBXContainerItemProxy section */

/* Begin PBXFileReference section */
		CEE98A101ADAE0D000CF9362 /* Nameless.app */ = {isa = PBXFileReference; explicitFileType = wrapper.application; includeInIndex = 0; path = Nameless.app; sourceTree = BUILT_PRODUCTS_DIR; };
		CEE98A141ADAE0D000CF9362 /* Info.plist */ = {isa = PBXFileReference; lastKnownFileType = text.plist.xml; path = Info.plist; sourceTree = "<group>"; };
		CEE98A151ADAE0D000CF9362 /* main.m */ = {isa = PBXFileReference; lastKnownFileType = sourcecode.c.objc; path = main.m; sourceTree = "<group>"; };
		CEE98A171ADAE0D000CF9362 /* AppDelegate.h */ = {isa = PBXFileReference; lastKnownFileType = sourcecode.c.h; path = AppDelegate.h; sourceTree = "<group>"; };
		CEE98A181ADAE0D000CF9362 /* AppDelegate.m */ = {isa = PBXFileReference; lastKnownFileType = sourcecode.c.objc; path = AppDelegate.m; sourceTree = "<group>"; };
		CEE98A1A1ADAE0D000CF9362 /* ViewController.h */ = {isa = PBXFileReference; lastKnownFileType = sourcecode.c.h; path = ViewController.h; sourceTree = "<group>"; };
		CEE98A1B1ADAE0D000CF9362 /* ViewController.m */ = {isa = PBXFileReference; lastKnownFileType = sourcecode.c.objc; path = ViewController.m; sourceTree = "<group>"; };
		CEE98A1E1ADAE0D000CF9362 /* Base */ = {isa = PBXFileReference; lastKnownFileType = file.storyboard; name = Base; path = Base.lproj/Main.storyboard; sourceTree = "<group>"; };
		CEE98A201ADAE0D000CF9362 /* Images.xcassets */ = {isa = PBXFileReference; lastKnownFileType = folder.assetcatalog; path = Images.xcassets; sourceTree = "<group>"; };
		CEE98A291ADAE0D000CF9362 /* NamelessTests.xctest */ = {isa = PBXFileReference; explicitFileType = wrapper.cfbundle; includeInIndex = 0; path = NamelessTests.xctest; sourceTree = BUILT_PRODUCTS_DIR; };
		CEE98A2E1ADAE0D000CF9362 /* Info.plist */ = {isa = PBXFileReference; lastKnownFileType = text.plist.xml; path = Info.plist; sourceTree = "<group>"; };
		CEE98A2F1ADAE0D000CF9362 /* NamelessTests.m */ = {isa = PBXFileReference; lastKnownFileType = sourcecode.c.objc; path = NamelessTests.m; sourceTree = "<group>"; };
/* End PBXFileReference section */

/* Begin PBXFrameworksBuildPhase section */
		CEE98A0D1ADAE0D000CF9362 /* Frameworks */ = {
			isa = PBXFrameworksBuildPhase;
			buildActionMask = 2147483647;
			files = (
			);
			runOnlyForDeploymentPostprocessing = 0;
		};
		CEE98A261ADAE0D000CF9362 /* Frameworks */ = {
			isa = PBXFrameworksBuildPhase;
			buildActionMask = 2147483647;
			files = (
			);
			runOnlyForDeploymentPostprocessing = 0;
		};
/* End PBXFrameworksBuildPhase section */

/* Begin PBXGroup section */
		CEE98A071ADAE0D000CF9362 = {
			isa = PBXGroup;
			children = (
				CEE98A121ADAE0D000CF9362 /* Nameless */,
				CEE98A2C1ADAE0D000CF9362 /* NamelessTests */,
				CEE98A111ADAE0D000CF9362 /* Products */,
			);
			sourceTree = "<group>";
		};
		CEE98A111ADAE0D000CF9362 /* Products */ = {
			isa = PBXGroup;
			children = (
				CEE98A101ADAE0D000CF9362 /* Nameless.app */,
				CEE98A291ADAE0D000CF9362 /* NamelessTests.xctest */,
			);
			name = Products;
			sourceTree = "<group>";
		};
		CEE98A121ADAE0D000CF9362 /* Nameless */ = {
			isa = PBXGroup;
			children = (
				CEE98A171ADAE0D000CF9362 /* AppDelegate.h */,
				CEE98A181ADAE0D000CF9362 /* AppDelegate.m */,
				CEE98A1A1ADAE0D000CF9362 /* ViewController.h */,
				CEE98A1B1ADAE0D000CF9362 /* ViewController.m */,
				CEE98A1D1ADAE0D000CF9362 /* Main.storyboard */,
				CEE98A201ADAE0D000CF9362 /* Images.xcassets */,
				CEE98A131ADAE0D000CF9362 /* Supporting Files */,
			);
			path = Nameless;
			sourceTree = "<group>";
		};
		CEE98A131ADAE0D000CF9362 /* Supporting Files */ = {
			isa = PBXGroup;
			children = (
				CEE98A141ADAE0D000CF9362 /* Info.plist */,
				CEE98A151ADAE0D000CF9362 /* main.m */,
			);
			name = "Supporting Files";
			sourceTree = "<group>";
		};
		CEE98A2C1ADAE0D000CF9362 /* NamelessTests */ = {
			isa = PBXGroup;
			children = (
				CEE98A2F1ADAE0D000CF9362 /* NamelessTests.m */,
				CEE98A2D1ADAE0D000CF9362 /* Supporting Files */,
			);
			path = NamelessTests;
			sourceTree = "<group>";
		};
		CEE98A2D1ADAE0D000CF9362 /* Supporting Files */ = {
			isa = PBXGroup;
			children = (
				CEE98A2E1ADAE0D000CF9362 /* Info.plist */,
			);
			name = "Supporting Files";
			sourceTree = "<group>";
		};
/* End PBXGroup section */

/* Begin PBXNativeTarget section */
		CEE98A0F1ADAE0D000CF9362 /* Nameless */ = {
			isa = PBXNativeTarget;
			buildConfigurationList = CEE98A331ADAE0D000CF9362 /* Build configuration list for PBXNativeTarget "Nameless" */;
			buildPhases = (
				CEE98A0C1ADAE0D000CF9362 /* Sources */,
				CEE98A0D1ADAE0D000CF9362 /* Frameworks */,
				CEE98A0E1ADAE0D000CF9362 /* Resources */,
			);
			buildRules = (
			);
			dependencies = (
			);
			name = Nameless;
			productName = Nameless;
			productReference = CEE98A101ADAE0D000CF9362 /* Nameless.app */;
			productType = "com.apple.product-type.application";
		};
		CEE98A281ADAE0D000CF9362 /* NamelessTests */ = {
			isa = PBXNativeTarget;
			buildConfigurationList = CEE98A361ADAE0D000CF9362 /* Build configuration list for PBXNativeTarget "NamelessTests" */;
			buildPhases = (
				CEE98A251ADAE0D000CF9362 /* Sources */,
				CEE98A261ADAE0D000CF9362 /* Frameworks */,
				CEE98A271ADAE0D000CF9362 /* Resources */,
			);
			buildRules = (
			);
			dependencies = (
				CEE98A2B1ADAE0D000CF9362 /* PBXTargetDependency */,
			);
			name = NamelessTests;
			productName = NamelessTests;
			productReference = CEE98A291ADAE0D000CF9362 /* NamelessTests.xctest */;
			productType = "com.apple.product-type.bundle.unit-test";
		};
/* End PBXNativeTarget section */

/* Begin PBXProject section */
		CEE98A081ADAE0D000CF9362 /* Project object */ = {
			isa = PBXProject;
			attributes = {
				LastUpgradeCheck = 0630;
				ORGANIZATIONNAME = Nameless;
				TargetAttributes = {
					CEE98A0F1ADAE0D000CF9362 = {
						CreatedOnToolsVersion = 6.3;
					};
					CEE98A281ADAE0D000CF9362 = {
						CreatedOnToolsVersion = 6.3;
						TestTargetID = CEE98A0F1ADAE0D000CF9362;
					};
				};
			};
			buildConfigurationList = CEE98A0B1ADAE0D000CF9362 /* Build configuration list for PBXProject "Nameless" */;
			compatibilityVersion = "Xcode 3.2";
			developmentRegion = English;
			hasScannedForEncodings = 0;
			knownRegions = (
				en,
				Base,
			);
			mainGroup = CEE98A071ADAE0D000CF9362;
			productRefGroup = CEE98A111ADAE0D000CF9362 /* Products */;
			projectDirPath = "";
			projectRoot = "";
			targets = (
				CEE98A0F1ADAE0D000CF9362 /* Nameless */,
				CEE98A281ADAE0D000CF9362 /* NamelessTests */,
			);
		};
/* End PBXProject section */

/* Begin PBXResourcesBuildPhase section */
		CEE98A0E1ADAE0D000CF9362 /* Resources */ = {
			isa = PBXResourcesBuildPhase;
			buildActionMask = 2147483647;
			files = (
				CEE98A1F1ADAE0D000CF9362 /* Main.storyboard in Resources */,
				CEE98A211ADAE0D000CF9362 /* Images.xcassets in Resources */,
			);
			runOnlyForDeploymentPostprocessing = 0;
		};
		CEE98A271ADAE0D000CF9362 /* Resources */ = {
			isa = PBXResourcesBuildPhase;
			buildActionMask = 2147483647;
			files = (
			);
			runOnlyForDeploymentPostprocessing = 0;
		};
/* End PBXResourcesBuildPhase section */

/* Begin PBXSourcesBuildPhase section */
		CEE98A0C1ADAE0D000CF9362 /* Sources */ = {
			isa = PBXSourcesBuildPhase;
			buildActionMask = 2147483647;
			files = (
				CEE98A1C1ADAE0D000CF9362 /* ViewController.m in Sources */,
				CEE98A191ADAE0D000CF9362 /* AppDelegate.m in Sources */,
				CEE98A161ADAE0D000CF9362 /* main.m in Sources */,
			);
			runOnlyForDeploymentPostprocessing = 0;
		};
		CEE98A251ADAE0D000CF9362 /* Sources */ = {
			isa = PBXSourcesBuildPhase;
			buildActionMask = 2147483647;
			files = (
				CEE98A301ADAE0D000CF9362 /* NamelessTests.m in Sources */,
			);
			runOnlyForDeploymentPostprocessing = 0;
		};
/* End PBXSourcesBuildPhase section */

/* Begin PBXTargetDependency section */
		CEE98A2B1ADAE0D000CF9362 /* PBXTargetDependency */ = {
			isa = PBXTargetDependency;
			target = CEE98A0F1ADAE0D000CF9362 /* Nameless */;
			targetProxy = CEE98A2A1ADAE0D000CF9362 /* PBXContainerItemProxy */;
		};
/* End PBXTargetDependency section */

/* Begin PBXVariantGroup section */
		CEE98A1D1ADAE0D000CF9362 /* Main.storyboard */ = {
			isa = PBXVariantGroup;
			children = (
				CEE98A1E1ADAE0D000CF9362 /* Base */,
			);
			name = Main.storyboard;
			sourceTree = "<group>";
		};
/* End PBXVariantGroup section */

/* Begin XCBuildConfiguration section */
		CEE98A311ADAE0D000CF9362 /* Debug */ = {
			isa = XCBuildConfiguration;
			buildSettings = {
				ALWAYS_SEARCH_USER_PATHS = NO;
				CLANG_CXX_LANGUAGE_STANDARD = "gnu++0x";
				CLANG_CXX_LIBRARY = "libc++";
				CLANG_ENABLE_MODULES = YES;
				CLANG_ENABLE_OBJC_ARC = YES;
				CLANG_WARN_BOOL_CONVERSION = YES;
				CLANG_WARN_CONSTANT_CONVERSION = YES;
				CLANG_WARN_DIRECT_OBJC_ISA_USAGE = YES_ERROR;
				CLANG_WARN_EMPTY_BODY = YES;
				CLANG_WARN_ENUM_CONVERSION = YES;
				CLANG_WARN_INT_CONVERSION = YES;
				CLANG_WARN_OBJC_ROOT_CLASS = YES_ERROR;
				CLANG_WARN_UNREACHABLE_CODE = YES;
				CLANG_WARN__DUPLICATE_METHOD_MATCH = YES;
				"CODE_SIGN_IDENTITY[sdk=iphoneos*]" = "iPhone Developer";
				COPY_PHASE_STRIP = NO;
				DEBUG_INFORMATION_FORMAT = "dwarf-with-dsym";
				ENABLE_STRICT_OBJC_MSGSEND = YES;
				GCC_C_LANGUAGE_STANDARD = gnu99;
				GCC_DYNAMIC_NO_PIC = NO;
				GCC_NO_COMMON_BLOCKS = YES;
				GCC_OPTIMIZATION_LEVEL = 0;
				GCC_PREPROCESSOR_DEFINITIONS = (
					"DEBUG=1",
					"$(inherited)",
				);
				GCC_SYMBOLS_PRIVATE_EXTERN = NO;
				GCC_WARN_64_TO_32_BIT_CONVERSION = YES;
				GCC_WARN_ABOUT_RETURN_TYPE = YES_ERROR;
				GCC_WARN_UNDECLARED_SELECTOR = YES;
				GCC_WARN_UNINITIALIZED_AUTOS = YES_AGGRESSIVE;
				GCC_WARN_UNUSED_FUNCTION = YES;
				GCC_WARN_UNUSED_VARIABLE = YES;
				IPHONEOS_DEPLOYMENT_TARGET = 8.3;
				MTL_ENABLE_DEBUG_INFO = YES;
				ONLY_ACTIVE_ARCH = YES;
				SDKROOT = iphoneos;
			};
			name = Debug;
		};
		CEE98A321ADAE0D000CF9362 /* Release */ = {
			isa = XCBuildConfiguration;
			buildSettings = {
				ALWAYS_SEARCH_USER_PATHS = NO;
				CLANG_CXX_LANGUAGE_STANDARD = "gnu++0x";
				CLANG_CXX_LIBRARY = "libc++";
				CLANG_ENABLE_MODULES = YES;
				CLANG_ENABLE_OBJC_ARC = YES;
				CLANG_WARN_BOOL_CONVERSION = YES;
				CLANG_WARN_CONSTANT_CONVERSION = YES;
				CLANG_WARN_DIRECT_OBJC_ISA_USAGE = YES_ERROR;
				CLANG_WARN_EMPTY_BODY = YES;
				CLANG_WARN_ENUM_CONVERSION = YES;
				CLANG_WARN_INT_CONVERSION = YES;
				CLANG_WARN_OBJC_ROOT_CLASS = YES_ERROR;
				CLANG_WARN_UNREACHABLE_CODE = YES;
				CLANG_WARN__DUPLICATE_METHOD_MATCH = YES;
				"CODE_SIGN_IDENTITY[sdk=iphoneos*]" = "iPhone Developer";
				COPY_PHASE_STRIP = NO;
				DEBUG_INFORMATION_FORMAT = "dwarf-with-dsym";
				ENABLE_NS_ASSERTIONS = NO;
				ENABLE_STRICT_OBJC_MSGSEND = YES;
				GCC_C_LANGUAGE_STANDARD = gnu99;
				GCC_NO_COMMON_BLOCKS = YES;
				GCC_WARN_64_TO_32_BIT_CONVERSION = YES;
				GCC_WARN_ABOUT_RETURN_TYPE = YES_ERROR;
				GCC_WARN_UNDECLARED_SELECTOR = YES;
				GCC_WARN_UNINITIALIZED_AUTOS = YES_AGGRESSIVE;
				GCC_WARN_UNUSED_FUNCTION = YES;
				GCC_WARN_UNUSED_VARIABLE = YES;
				IPHONEOS_DEPLOYMENT_TARGET = 8.3;
				MTL_ENABLE_DEBUG_INFO = NO;
				SDKROOT = iphoneos;
				VALIDATE_PRODUCT = YES;
			};
			name = Release;
		};
		CEE98A341ADAE0D000CF9362 /* Debug */ = {
			isa = XCBuildConfiguration;
			buildSettings = {
				ASSETCATALOG_COMPILER_APPICON_NAME = AppIcon;
				FRAMEWORK_SEARCH_PATHS = (
					"$(inherited)",
					"$(PROJECT_DIR)",
				);
				INFOPLIST_FILE = Nameless/Info.plist;
				IPHONEOS_DEPLOYMENT_TARGET = 7.1;
				LD_RUNPATH_SEARCH_PATHS = "$(inherited) @executable_path/Frameworks";
				LIBRARY_SEARCH_PATHS = (
					"$(inherited)",
					"$(PROJECT_DIR)",
				);
				PRODUCT_NAME = "$(TARGET_NAME)";
			};
			name = Debug;
		};
		CEE98A351ADAE0D000CF9362 /* Release */ = {
			isa = XCBuildConfiguration;
			buildSettings = {
				ASSETCATALOG_COMPILER_APPICON_NAME = AppIcon;
				FRAMEWORK_SEARCH_PATHS = (
					"$(inherited)",
					"$(PROJECT_DIR)",
				);
				INFOPLIST_FILE = Nameless/Info.plist;
				IPHONEOS_DEPLOYMENT_TARGET = 7.1;
				LD_RUNPATH_SEARCH_PATHS = "$(inherited) @executable_path/Frameworks";
				LIBRARY_SEARCH_PATHS = (
					"$(inherited)",
					"$(PROJECT_DIR)",
				);
				PRODUCT_NAME = "$(TARGET_NAME)";
			};
			name = Release;
		};
		CEE98A371ADAE0D000CF9362 /* Debug */ = {
			isa = XCBuildConfiguration;
			buildSettings = {
				BUNDLE_LOADER = "$(TEST_HOST)";
				FRAMEWORK_SEARCH_PATHS = (
					"$(SDKROOT)/Developer/Library/Frameworks",
					"$(inherited)",
				);
				GCC_PREPROCESSOR_DEFINITIONS = (
					"DEBUG=1",
					"$(inherited)",
				);
				INFOPLIST_FILE = NamelessTests/Info.plist;
				LD_RUNPATH_SEARCH_PATHS = "$(inherited) @executable_path/Frameworks @loader_path/Frameworks";
				PRODUCT_NAME = "$(TARGET_NAME)";
				TEST_HOST = "$(BUILT_PRODUCTS_DIR)/Nameless.app/Nameless";
			};
			name = Debug;
		};
		CEE98A381ADAE0D000CF9362 /* Release */ = {
			isa = XCBuildConfiguration;
			buildSettings = {
				BUNDLE_LOADER = "$(TEST_HOST)";
				FRAMEWORK_SEARCH_PATHS = (
					"$(SDKROOT)/Developer/Library/Frameworks",
					"$(inherited)",
				);
				INFOPLIST_FILE = NamelessTests/Info.plist;
				LD_RUNPATH_SEARCH_PATHS = "$(inherited) @executable_path/Frameworks @loader_path/Frameworks";
				PRODUCT_NAME = "$(TARGET_NAME)";
				TEST_HOST = "$(BUILT_PRODUCTS_DIR)/Nameless.app/Nameless";
			};
			name = Release;
		};
/* End XCBuildConfiguration section */

/* Begin XCConfigurationList section */
		CEE98A0B1ADAE0D000CF9362 /* Build configuration list for PBXProject "Nameless" */ = {
			isa = XCConfigurationList;
			buildConfigurations = (
				CEE98A311ADAE0D000CF9362 /* Debug */,
				CEE98A321ADAE0D000CF9362 /* Release */,
			);
			defaultConfigurationIsVisible = 0;
			defaultConfigurationName = Release;
		};
		CEE98A331ADAE0D000CF9362 /* Build configuration list for PBXNativeTarget "Nameless" */ = {
			isa = XCConfigurationList;
			buildConfigurations = (
				CEE98A341ADAE0D000CF9362 /* Debug */,
				CEE98A351ADAE0D000CF9362 /* Release */,
			);
			defaultConfigurationIsVisible = 0;
			defaultConfigurationName = Release;
		};
		CEE98A361ADAE0D000CF9362 /* Build configuration list for PBXNativeTarget "NamelessTests" */ = {
			isa = XCConfigurationList;
			buildConfigurations = (
				CEE98A371ADAE0D000CF9362 /* Debug */,
				CEE98A381ADAE0D000CF9362 /* Release */,
			);
			defaultConfigurationIsVisible = 0;
			defaultConfigurationName = Release;
		};
/* End XCConfigurationList section */
	};
	rootObject = CEE98A081ADAE0D000CF9362 /* Project object */;
}
