// !$*UTF8*$!
{
	archiveVersion = 1;
	classes = {
	};
	objectVersion = 46;
	objects = {

/* Begin PBXBuildFile section */
		CEFD94701ACB4362009BCA94 /* main.m in Sources */ = {isa = PBXBuildFile; fileRef = CEFD946F1ACB4362009BCA94 /* main.m */; };
		CEFD94731ACB4362009BCA94 /* AppDelegate.m in Sources */ = {isa = PBXBuildFile; fileRef = CEFD94721ACB4362009BCA94 /* AppDelegate.m */; };
		CEFD94761ACB4362009BCA94 /* ViewController.m in Sources */ = {isa = PBXBuildFile; fileRef = CEFD94751ACB4362009BCA94 /* ViewController.m */; };
		CEFD94791ACB4362009BCA94 /* Main.storyboard in Resources */ = {isa = PBXBuildFile; fileRef = CEFD94771ACB4362009BCA94 /* Main.storyboard */; };
		CEFD947B1ACB4362009BCA94 /* Images.xcassets in Resources */ = {isa = PBXBuildFile; fileRef = CEFD947A1ACB4362009BCA94 /* Images.xcassets */; };
		CEFD947E1ACB4362009BCA94 /* LaunchScreen.xib in Resources */ = {isa = PBXBuildFile; fileRef = CEFD947C1ACB4362009BCA94 /* LaunchScreen.xib */; };
		CEFD948A1ACB4362009BCA94 /* NamelessTests.m in Sources */ = {isa = PBXBuildFile; fileRef = CEFD94891ACB4362009BCA94 /* NamelessTests.m */; };
/* End PBXBuildFile section */

/* Begin PBXContainerItemProxy section */
		CEFD94841ACB4362009BCA94 /* PBXContainerItemProxy */ = {
			isa = PBXContainerItemProxy;
			containerPortal = CEFD94621ACB4362009BCA94 /* Project object */;
			proxyType = 1;
			remoteGlobalIDString = CEFD94691ACB4362009BCA94;
			remoteInfo = Nameless;
		};
/* End PBXContainerItemProxy section */

/* Begin PBXFileReference section */
		CEFD946A1ACB4362009BCA94 /* Nameless.app */ = {isa = PBXFileReference; explicitFileType = wrapper.application; includeInIndex = 0; path = Nameless.app; sourceTree = BUILT_PRODUCTS_DIR; };
		CEFD946E1ACB4362009BCA94 /* Info.plist */ = {isa = PBXFileReference; lastKnownFileType = text.plist.xml; path = Info.plist; sourceTree = "<group>"; };
		CEFD946F1ACB4362009BCA94 /* main.m */ = {isa = PBXFileReference; lastKnownFileType = sourcecode.c.objc; path = main.m; sourceTree = "<group>"; };
		CEFD94711ACB4362009BCA94 /* AppDelegate.h */ = {isa = PBXFileReference; lastKnownFileType = sourcecode.c.h; path = AppDelegate.h; sourceTree = "<group>"; };
		CEFD94721ACB4362009BCA94 /* AppDelegate.m */ = {isa = PBXFileReference; lastKnownFileType = sourcecode.c.objc; path = AppDelegate.m; sourceTree = "<group>"; };
		CEFD94741ACB4362009BCA94 /* ViewController.h */ = {isa = PBXFileReference; lastKnownFileType = sourcecode.c.h; path = ViewController.h; sourceTree = "<group>"; };
		CEFD94751ACB4362009BCA94 /* ViewController.m */ = {isa = PBXFileReference; lastKnownFileType = sourcecode.c.objc; path = ViewController.m; sourceTree = "<group>"; };
		CEFD94781ACB4362009BCA94 /* Base */ = {isa = PBXFileReference; lastKnownFileType = file.storyboard; name = Base; path = Base.lproj/Main.storyboard; sourceTree = "<group>"; };
		CEFD947A1ACB4362009BCA94 /* Images.xcassets */ = {isa = PBXFileReference; lastKnownFileType = folder.assetcatalog; path = Images.xcassets; sourceTree = "<group>"; };
		CEFD947D1ACB4362009BCA94 /* Base */ = {isa = PBXFileReference; lastKnownFileType = file.xib; name = Base; path = Base.lproj/LaunchScreen.xib; sourceTree = "<group>"; };
		CEFD94831ACB4362009BCA94 /* NamelessTests.xctest */ = {isa = PBXFileReference; explicitFileType = wrapper.cfbundle; includeInIndex = 0; path = NamelessTests.xctest; sourceTree = BUILT_PRODUCTS_DIR; };
		CEFD94881ACB4362009BCA94 /* Info.plist */ = {isa = PBXFileReference; lastKnownFileType = text.plist.xml; path = Info.plist; sourceTree = "<group>"; };
		CEFD94891ACB4362009BCA94 /* NamelessTests.m */ = {isa = PBXFileReference; lastKnownFileType = sourcecode.c.objc; path = NamelessTests.m; sourceTree = "<group>"; };
/* End PBXFileReference section */

/* Begin PBXFrameworksBuildPhase section */
		CEFD94671ACB4362009BCA94 /* Frameworks */ = {
			isa = PBXFrameworksBuildPhase;
			buildActionMask = 2147483647;
			files = (
			);
			runOnlyForDeploymentPostprocessing = 0;
		};
		CEFD94801ACB4362009BCA94 /* Frameworks */ = {
			isa = PBXFrameworksBuildPhase;
			buildActionMask = 2147483647;
			files = (
			);
			runOnlyForDeploymentPostprocessing = 0;
		};
/* End PBXFrameworksBuildPhase section */

/* Begin PBXGroup section */
		CEFD94611ACB4362009BCA94 = {
			isa = PBXGroup;
			children = (
				CEFD946C1ACB4362009BCA94 /* Nameless */,
				CEFD94861ACB4362009BCA94 /* NamelessTests */,
				CEFD946B1ACB4362009BCA94 /* Products */,
			);
			sourceTree = "<group>";
		};
		CEFD946B1ACB4362009BCA94 /* Products */ = {
			isa = PBXGroup;
			children = (
				CEFD946A1ACB4362009BCA94 /* Nameless.app */,
				CEFD94831ACB4362009BCA94 /* NamelessTests.xctest */,
			);
			name = Products;
			sourceTree = "<group>";
		};
		CEFD946C1ACB4362009BCA94 /* Nameless */ = {
			isa = PBXGroup;
			children = (
				CEFD94711ACB4362009BCA94 /* AppDelegate.h */,
				CEFD94721ACB4362009BCA94 /* AppDelegate.m */,
				CEFD94741ACB4362009BCA94 /* ViewController.h */,
				CEFD94751ACB4362009BCA94 /* ViewController.m */,
				CEFD94771ACB4362009BCA94 /* Main.storyboard */,
				CEFD947A1ACB4362009BCA94 /* Images.xcassets */,
				CEFD947C1ACB4362009BCA94 /* LaunchScreen.xib */,
				CEFD946D1ACB4362009BCA94 /* Supporting Files */,
			);
			path = Nameless;
			sourceTree = "<group>";
		};
		CEFD946D1ACB4362009BCA94 /* Supporting Files */ = {
			isa = PBXGroup;
			children = (
				CEFD946E1ACB4362009BCA94 /* Info.plist */,
				CEFD946F1ACB4362009BCA94 /* main.m */,
			);
			name = "Supporting Files";
			sourceTree = "<group>";
		};
		CEFD94861ACB4362009BCA94 /* NamelessTests */ = {
			isa = PBXGroup;
			children = (
				CEFD94891ACB4362009BCA94 /* NamelessTests.m */,
				CEFD94871ACB4362009BCA94 /* Supporting Files */,
			);
			path = NamelessTests;
			sourceTree = "<group>";
		};
		CEFD94871ACB4362009BCA94 /* Supporting Files */ = {
			isa = PBXGroup;
			children = (
				CEFD94881ACB4362009BCA94 /* Info.plist */,
			);
			name = "Supporting Files";
			sourceTree = "<group>";
		};
/* End PBXGroup section */

/* Begin PBXNativeTarget section */
		CEFD94691ACB4362009BCA94 /* Nameless */ = {
			isa = PBXNativeTarget;
			buildConfigurationList = CEFD948D1ACB4362009BCA94 /* Build configuration list for PBXNativeTarget "Nameless" */;
			buildPhases = (
				CEFD94661ACB4362009BCA94 /* Sources */,
				CEFD94671ACB4362009BCA94 /* Frameworks */,
				CEFD94681ACB4362009BCA94 /* Resources */,
			);
			buildRules = (
			);
			dependencies = (
			);
			name = Nameless;
			productName = Nameless;
			productReference = CEFD946A1ACB4362009BCA94 /* Nameless.app */;
			productType = "com.apple.product-type.application";
		};
		CEFD94821ACB4362009BCA94 /* NamelessTests */ = {
			isa = PBXNativeTarget;
			buildConfigurationList = CEFD94901ACB4362009BCA94 /* Build configuration list for PBXNativeTarget "NamelessTests" */;
			buildPhases = (
				CEFD947F1ACB4362009BCA94 /* Sources */,
				CEFD94801ACB4362009BCA94 /* Frameworks */,
				CEFD94811ACB4362009BCA94 /* Resources */,
			);
			buildRules = (
			);
			dependencies = (
				CEFD94851ACB4362009BCA94 /* PBXTargetDependency */,
			);
			name = NamelessTests;
			productName = NamelessTests;
			productReference = CEFD94831ACB4362009BCA94 /* NamelessTests.xctest */;
			productType = "com.apple.product-type.bundle.unit-test";
		};
/* End PBXNativeTarget section */

/* Begin PBXProject section */
		CEFD94621ACB4362009BCA94 /* Project object */ = {
			isa = PBXProject;
			attributes = {
				LastUpgradeCheck = 0620;
				ORGANIZATIONNAME = Nameless;
				TargetAttributes = {
					CEFD94691ACB4362009BCA94 = {
						CreatedOnToolsVersion = 6.2;
					};
					CEFD94821ACB4362009BCA94 = {
						CreatedOnToolsVersion = 6.2;
						TestTargetID = CEFD94691ACB4362009BCA94;
					};
				};
			};
			buildConfigurationList = CEFD94651ACB4362009BCA94 /* Build configuration list for PBXProject "Nameless" */;
			compatibilityVersion = "Xcode 3.2";
			developmentRegion = English;
			hasScannedForEncodings = 0;
			knownRegions = (
				en,
				Base,
			);
			mainGroup = CEFD94611ACB4362009BCA94;
			productRefGroup = CEFD946B1ACB4362009BCA94 /* Products */;
			projectDirPath = "";
			projectRoot = "";
			targets = (
				CEFD94691ACB4362009BCA94 /* Nameless */,
				CEFD94821ACB4362009BCA94 /* NamelessTests */,
			);
		};
/* End PBXProject section */

/* Begin PBXResourcesBuildPhase section */
		CEFD94681ACB4362009BCA94 /* Resources */ = {
			isa = PBXResourcesBuildPhase;
			buildActionMask = 2147483647;
			files = (
				CEFD94791ACB4362009BCA94 /* Main.storyboard in Resources */,
				CEFD947E1ACB4362009BCA94 /* LaunchScreen.xib in Resources */,
				CEFD947B1ACB4362009BCA94 /* Images.xcassets in Resources */,
			);
			runOnlyForDeploymentPostprocessing = 0;
		};
		CEFD94811ACB4362009BCA94 /* Resources */ = {
			isa = PBXResourcesBuildPhase;
			buildActionMask = 2147483647;
			files = (
			);
			runOnlyForDeploymentPostprocessing = 0;
		};
/* End PBXResourcesBuildPhase section */

/* Begin PBXSourcesBuildPhase section */
		CEFD94661ACB4362009BCA94 /* Sources */ = {
			isa = PBXSourcesBuildPhase;
			buildActionMask = 2147483647;
			files = (
				CEFD94761ACB4362009BCA94 /* ViewController.m in Sources */,
				CEFD94731ACB4362009BCA94 /* AppDelegate.m in Sources */,
				CEFD94701ACB4362009BCA94 /* main.m in Sources */,
			);
			runOnlyForDeploymentPostprocessing = 0;
		};
		CEFD947F1ACB4362009BCA94 /* Sources */ = {
			isa = PBXSourcesBuildPhase;
			buildActionMask = 2147483647;
			files = (
				CEFD948A1ACB4362009BCA94 /* NamelessTests.m in Sources */,
			);
			runOnlyForDeploymentPostprocessing = 0;
		};
/* End PBXSourcesBuildPhase section */

/* Begin PBXTargetDependency section */
		CEFD94851ACB4362009BCA94 /* PBXTargetDependency */ = {
			isa = PBXTargetDependency;
			target = CEFD94691ACB4362009BCA94 /* Nameless */;
			targetProxy = CEFD94841ACB4362009BCA94 /* PBXContainerItemProxy */;
		};
/* End PBXTargetDependency section */

/* Begin PBXVariantGroup section */
		CEFD94771ACB4362009BCA94 /* Main.storyboard */ = {
			isa = PBXVariantGroup;
			children = (
				CEFD94781ACB4362009BCA94 /* Base */,
			);
			name = Main.storyboard;
			sourceTree = "<group>";
		};
		CEFD947C1ACB4362009BCA94 /* LaunchScreen.xib */ = {
			isa = PBXVariantGroup;
			children = (
				CEFD947D1ACB4362009BCA94 /* Base */,
			);
			name = LaunchScreen.xib;
			sourceTree = "<group>";
		};
/* End PBXVariantGroup section */

/* Begin XCBuildConfiguration section */
		CEFD948B1ACB4362009BCA94 /* Debug */ = {
			isa = XCBuildConfiguration;
			buildSettings = {
				ALWAYS_SEARCH_USER_PATHS = NO;
				CLANG_CXX_LANGUAGE_STANDARD = "gnu++0x";
				CLANG_CXX_LIBRARY = "libc++";
				CLANG_ENABLE_MODULES = YES;
				CLANG_ENABLE_OBJC_ARC = YES;
				CLANG_WARN_BOOL_CONVERSION = YES;
				CLANG_WARN_CONSTANT_CONVERSION = YES;
				CLANG_WARN_DIRECT_OBJC_ISA_USAGE = YES_ERROR;
				CLANG_WARN_EMPTY_BODY = YES;
				CLANG_WARN_ENUM_CONVERSION = YES;
				CLANG_WARN_INT_CONVERSION = YES;
				CLANG_WARN_OBJC_ROOT_CLASS = YES_ERROR;
				CLANG_WARN_UNREACHABLE_CODE = YES;
				CLANG_WARN__DUPLICATE_METHOD_MATCH = YES;
				"CODE_SIGN_IDENTITY[sdk=iphoneos*]" = "iPhone Developer";
				COPY_PHASE_STRIP = NO;
				ENABLE_STRICT_OBJC_MSGSEND = YES;
				GCC_C_LANGUAGE_STANDARD = gnu99;
				GCC_DYNAMIC_NO_PIC = NO;
				GCC_OPTIMIZATION_LEVEL = 0;
				GCC_PREPROCESSOR_DEFINITIONS = (
					"DEBUG=1",
					"$(inherited)",
				);
				GCC_SYMBOLS_PRIVATE_EXTERN = NO;
				GCC_WARN_64_TO_32_BIT_CONVERSION = YES;
				GCC_WARN_ABOUT_RETURN_TYPE = YES_ERROR;
				GCC_WARN_UNDECLARED_SELECTOR = YES;
				GCC_WARN_UNINITIALIZED_AUTOS = YES_AGGRESSIVE;
				GCC_WARN_UNUSED_FUNCTION = YES;
				GCC_WARN_UNUSED_VARIABLE = YES;
				IPHONEOS_DEPLOYMENT_TARGET = 8.2;
				MTL_ENABLE_DEBUG_INFO = YES;
				ONLY_ACTIVE_ARCH = YES;
				SDKROOT = iphoneos;
			};
			name = Debug;
		};
		CEFD948C1ACB4362009BCA94 /* Release */ = {
			isa = XCBuildConfiguration;
			buildSettings = {
				ALWAYS_SEARCH_USER_PATHS = NO;
				CLANG_CXX_LANGUAGE_STANDARD = "gnu++0x";
				CLANG_CXX_LIBRARY = "libc++";
				CLANG_ENABLE_MODULES = YES;
				CLANG_ENABLE_OBJC_ARC = YES;
				CLANG_WARN_BOOL_CONVERSION = YES;
				CLANG_WARN_CONSTANT_CONVERSION = YES;
				CLANG_WARN_DIRECT_OBJC_ISA_USAGE = YES_ERROR;
				CLANG_WARN_EMPTY_BODY = YES;
				CLANG_WARN_ENUM_CONVERSION = YES;
				CLANG_WARN_INT_CONVERSION = YES;
				CLANG_WARN_OBJC_ROOT_CLASS = YES_ERROR;
				CLANG_WARN_UNREACHABLE_CODE = YES;
				CLANG_WARN__DUPLICATE_METHOD_MATCH = YES;
				"CODE_SIGN_IDENTITY[sdk=iphoneos*]" = "iPhone Developer";
				COPY_PHASE_STRIP = NO;
				ENABLE_NS_ASSERTIONS = NO;
				ENABLE_STRICT_OBJC_MSGSEND = YES;
				GCC_C_LANGUAGE_STANDARD = gnu99;
				GCC_WARN_64_TO_32_BIT_CONVERSION = YES;
				GCC_WARN_ABOUT_RETURN_TYPE = YES_ERROR;
				GCC_WARN_UNDECLARED_SELECTOR = YES;
				GCC_WARN_UNINITIALIZED_AUTOS = YES_AGGRESSIVE;
				GCC_WARN_UNUSED_FUNCTION = YES;
				GCC_WARN_UNUSED_VARIABLE = YES;
				IPHONEOS_DEPLOYMENT_TARGET = 8.2;
				MTL_ENABLE_DEBUG_INFO = NO;
				SDKROOT = iphoneos;
				VALIDATE_PRODUCT = YES;
			};
			name = Release;
		};
		CEFD948E1ACB4362009BCA94 /* Debug */ = {
			isa = XCBuildConfiguration;
			buildSettings = {
				ASSETCATALOG_COMPILER_APPICON_NAME = AppIcon;
				INFOPLIST_FILE = Nameless/Info.plist;
				LD_RUNPATH_SEARCH_PATHS = "$(inherited) @executable_path/Frameworks";
				PRODUCT_NAME = "$(TARGET_NAME)";
			};
			name = Debug;
		};
		CEFD948F1ACB4362009BCA94 /* Release */ = {
			isa = XCBuildConfiguration;
			buildSettings = {
				ASSETCATALOG_COMPILER_APPICON_NAME = AppIcon;
				INFOPLIST_FILE = Nameless/Info.plist;
				LD_RUNPATH_SEARCH_PATHS = "$(inherited) @executable_path/Frameworks";
				PRODUCT_NAME = "$(TARGET_NAME)";
			};
			name = Release;
		};
		CEFD94911ACB4362009BCA94 /* Debug */ = {
			isa = XCBuildConfiguration;
			buildSettings = {
				BUNDLE_LOADER = "$(TEST_HOST)";
				FRAMEWORK_SEARCH_PATHS = (
					"$(SDKROOT)/Developer/Library/Frameworks",
					"$(inherited)",
				);
				GCC_PREPROCESSOR_DEFINITIONS = (
					"DEBUG=1",
					"$(inherited)",
				);
				INFOPLIST_FILE = NamelessTests/Info.plist;
				LD_RUNPATH_SEARCH_PATHS = "$(inherited) @executable_path/Frameworks @loader_path/Frameworks";
				PRODUCT_NAME = "$(TARGET_NAME)";
				TEST_HOST = "$(BUILT_PRODUCTS_DIR)/Nameless.app/Nameless";
			};
			name = Debug;
		};
		CEFD94921ACB4362009BCA94 /* Release */ = {
			isa = XCBuildConfiguration;
			buildSettings = {
				BUNDLE_LOADER = "$(TEST_HOST)";
				FRAMEWORK_SEARCH_PATHS = (
					"$(SDKROOT)/Developer/Library/Frameworks",
					"$(inherited)",
				);
				INFOPLIST_FILE = NamelessTests/Info.plist;
				LD_RUNPATH_SEARCH_PATHS = "$(inherited) @executable_path/Frameworks @loader_path/Frameworks";
				PRODUCT_NAME = "$(TARGET_NAME)";
				TEST_HOST = "$(BUILT_PRODUCTS_DIR)/Nameless.app/Nameless";
			};
			name = Release;
		};
/* End XCBuildConfiguration section */

/* Begin XCConfigurationList section */
		CEFD94651ACB4362009BCA94 /* Build configuration list for PBXProject "Nameless" */ = {
			isa = XCConfigurationList;
			buildConfigurations = (
				CEFD948B1ACB4362009BCA94 /* Debug */,
				CEFD948C1ACB4362009BCA94 /* Release */,
			);
			defaultConfigurationIsVisible = 0;
			defaultConfigurationName = Release;
		};
		CEFD948D1ACB4362009BCA94 /* Build configuration list for PBXNativeTarget "Nameless" */ = {
			isa = XCConfigurationList;
			buildConfigurations = (
				CEFD948E1ACB4362009BCA94 /* Debug */,
				CEFD948F1ACB4362009BCA94 /* Release */,
			);
			defaultConfigurationIsVisible = 0;
		};
		CEFD94901ACB4362009BCA94 /* Build configuration list for PBXNativeTarget "NamelessTests" */ = {
			isa = XCConfigurationList;
			buildConfigurations = (
				CEFD94911ACB4362009BCA94 /* Debug */,
				CEFD94921ACB4362009BCA94 /* Release */,
			);
			defaultConfigurationIsVisible = 0;
		};
/* End XCConfigurationList section */
	};
	rootObject = CEFD94621ACB4362009BCA94 /* Project object */;
}
