// !$*UTF8*$!
{
	archiveVersion = 1;
	classes = {
	};
	objectVersion = 46;
	objects = {

/* Begin PBXBuildFile section */
		CE504D2A1ADEB73D006670C9 /* main.m in Sources */ = {isa = PBXBuildFile; fileRef = CE504D291ADEB73D006670C9 /* main.m */; };
		CE504D2D1ADEB73D006670C9 /* AppDelegate.m in Sources */ = {isa = PBXBuildFile; fileRef = CE504D2C1ADEB73D006670C9 /* AppDelegate.m */; };
		CE504D301ADEB73D006670C9 /* ViewController.m in Sources */ = {isa = PBXBuildFile; fileRef = CE504D2F1ADEB73D006670C9 /* ViewController.m */; };
		CE504D331ADEB73D006670C9 /* Main.storyboard in Resources */ = {isa = PBXBuildFile; fileRef = CE504D311ADEB73D006670C9 /* Main.storyboard */; };
		CE504D351ADEB73D006670C9 /* Images.xcassets in Resources */ = {isa = PBXBuildFile; fileRef = CE504D341ADEB73D006670C9 /* Images.xcassets */; };
		CE504D381ADEB73D006670C9 /* LaunchScreen.xib in Resources */ = {isa = PBXBuildFile; fileRef = CE504D361ADEB73D006670C9 /* LaunchScreen.xib */; };
		CE504D441ADEB73D006670C9 /* NamelessTests.m in Sources */ = {isa = PBXBuildFile; fileRef = CE504D431ADEB73D006670C9 /* NamelessTests.m */; };
		CE504D4E1ADF4197006670C9 /* UIKit.framework in Frameworks */ = {isa = PBXBuildFile; fileRef = CE504D4D1ADF4197006670C9 /* UIKit.framework */; };
/* End PBXBuildFile section */

/* Begin PBXContainerItemProxy section */
		CE504D3E1ADEB73D006670C9 /* PBXContainerItemProxy */ = {
			isa = PBXContainerItemProxy;
			containerPortal = CE504D1C1ADEB73D006670C9 /* Project object */;
			proxyType = 1;
			remoteGlobalIDString = CE504D231ADEB73D006670C9;
			remoteInfo = Nameless;
		};
/* End PBXContainerItemProxy section */

/* Begin PBXFileReference section */
		CE504D241ADEB73D006670C9 /* Nameless.app */ = {isa = PBXFileReference; explicitFileType = wrapper.application; includeInIndex = 0; path = Nameless.app; sourceTree = BUILT_PRODUCTS_DIR; };
		CE504D281ADEB73D006670C9 /* Info.plist */ = {isa = PBXFileReference; lastKnownFileType = text.plist.xml; path = Info.plist; sourceTree = "<group>"; };
		CE504D291ADEB73D006670C9 /* main.m */ = {isa = PBXFileReference; lastKnownFileType = sourcecode.c.objc; path = main.m; sourceTree = "<group>"; };
		CE504D2B1ADEB73D006670C9 /* AppDelegate.h */ = {isa = PBXFileReference; lastKnownFileType = sourcecode.c.h; path = AppDelegate.h; sourceTree = "<group>"; };
		CE504D2C1ADEB73D006670C9 /* AppDelegate.m */ = {isa = PBXFileReference; lastKnownFileType = sourcecode.c.objc; path = AppDelegate.m; sourceTree = "<group>"; };
		CE504D2E1ADEB73D006670C9 /* ViewController.h */ = {isa = PBXFileReference; lastKnownFileType = sourcecode.c.h; path = ViewController.h; sourceTree = "<group>"; };
		CE504D2F1ADEB73D006670C9 /* ViewController.m */ = {isa = PBXFileReference; lastKnownFileType = sourcecode.c.objc; path = ViewController.m; sourceTree = "<group>"; };
		CE504D321ADEB73D006670C9 /* Base */ = {isa = PBXFileReference; lastKnownFileType = file.storyboard; name = Base; path = Base.lproj/Main.storyboard; sourceTree = "<group>"; };
		CE504D341ADEB73D006670C9 /* Images.xcassets */ = {isa = PBXFileReference; lastKnownFileType = folder.assetcatalog; path = Images.xcassets; sourceTree = "<group>"; };
		CE504D371ADEB73D006670C9 /* Base */ = {isa = PBXFileReference; lastKnownFileType = file.xib; name = Base; path = Base.lproj/LaunchScreen.xib; sourceTree = "<group>"; };
		CE504D3D1ADEB73D006670C9 /* NamelessTests.xctest */ = {isa = PBXFileReference; explicitFileType = wrapper.cfbundle; includeInIndex = 0; path = NamelessTests.xctest; sourceTree = BUILT_PRODUCTS_DIR; };
		CE504D421ADEB73D006670C9 /* Info.plist */ = {isa = PBXFileReference; lastKnownFileType = text.plist.xml; path = Info.plist; sourceTree = "<group>"; };
		CE504D431ADEB73D006670C9 /* NamelessTests.m */ = {isa = PBXFileReference; lastKnownFileType = sourcecode.c.objc; path = NamelessTests.m; sourceTree = "<group>"; };
		CE504D4D1ADF4197006670C9 /* UIKit.framework */ = {isa = PBXFileReference; lastKnownFileType = wrapper.framework; name = UIKit.framework; path = System/Library/Frameworks/UIKit.framework; sourceTree = SDKROOT; };
/* End PBXFileReference section */

/* Begin PBXFrameworksBuildPhase section */
		CE504D211ADEB73D006670C9 /* Frameworks */ = {
			isa = PBXFrameworksBuildPhase;
			buildActionMask = 2147483647;
			files = (
				CE504D4E1ADF4197006670C9 /* UIKit.framework in Frameworks */,
			);
			runOnlyForDeploymentPostprocessing = 0;
		};
		CE504D3A1ADEB73D006670C9 /* Frameworks */ = {
			isa = PBXFrameworksBuildPhase;
			buildActionMask = 2147483647;
			files = (
			);
			runOnlyForDeploymentPostprocessing = 0;
		};
/* End PBXFrameworksBuildPhase section */

/* Begin PBXGroup section */
		CE504D1B1ADEB73D006670C9 = {
			isa = PBXGroup;
			children = (
				CE504D4F1ADF41AA006670C9 /* Frameworks */,
				CE504D4D1ADF4197006670C9 /* UIKit.framework */,
				CE504D261ADEB73D006670C9 /* Nameless */,
				CE504D401ADEB73D006670C9 /* NamelessTests */,
				CE504D251ADEB73D006670C9 /* Products */,
			);
			sourceTree = "<group>";
		};
		CE504D251ADEB73D006670C9 /* Products */ = {
			isa = PBXGroup;
			children = (
				CE504D241ADEB73D006670C9 /* Nameless.app */,
				CE504D3D1ADEB73D006670C9 /* NamelessTests.xctest */,
			);
			name = Products;
			sourceTree = "<group>";
		};
		CE504D261ADEB73D006670C9 /* Nameless */ = {
			isa = PBXGroup;
			children = (
				CE504D2B1ADEB73D006670C9 /* AppDelegate.h */,
				CE504D2C1ADEB73D006670C9 /* AppDelegate.m */,
				CE504D2E1ADEB73D006670C9 /* ViewController.h */,
				CE504D2F1ADEB73D006670C9 /* ViewController.m */,
				CE504D311ADEB73D006670C9 /* Main.storyboard */,
				CE504D341ADEB73D006670C9 /* Images.xcassets */,
				CE504D361ADEB73D006670C9 /* LaunchScreen.xib */,
				CE504D271ADEB73D006670C9 /* Supporting Files */,
			);
			path = Nameless;
			sourceTree = "<group>";
		};
		CE504D271ADEB73D006670C9 /* Supporting Files */ = {
			isa = PBXGroup;
			children = (
				CE504D281ADEB73D006670C9 /* Info.plist */,
				CE504D291ADEB73D006670C9 /* main.m */,
			);
			name = "Supporting Files";
			sourceTree = "<group>";
		};
		CE504D401ADEB73D006670C9 /* NamelessTests */ = {
			isa = PBXGroup;
			children = (
				CE504D431ADEB73D006670C9 /* NamelessTests.m */,
				CE504D411ADEB73D006670C9 /* Supporting Files */,
			);
			path = NamelessTests;
			sourceTree = "<group>";
		};
		CE504D411ADEB73D006670C9 /* Supporting Files */ = {
			isa = PBXGroup;
			children = (
				CE504D421ADEB73D006670C9 /* Info.plist */,
			);
			name = "Supporting Files";
			sourceTree = "<group>";
		};
		CE504D4F1ADF41AA006670C9 /* Frameworks */ = {
			isa = PBXGroup;
			children = (
			);
			name = Frameworks;
			sourceTree = "<group>";
		};
/* End PBXGroup section */

/* Begin PBXNativeTarget section */
		CE504D231ADEB73D006670C9 /* Nameless */ = {
			isa = PBXNativeTarget;
			buildConfigurationList = CE504D471ADEB73D006670C9 /* Build configuration list for PBXNativeTarget "Nameless" */;
			buildPhases = (
				CE504D201ADEB73D006670C9 /* Sources */,
				CE504D211ADEB73D006670C9 /* Frameworks */,
				CE504D221ADEB73D006670C9 /* Resources */,
			);
			buildRules = (
			);
			dependencies = (
			);
			name = Nameless;
			productName = Nameless;
			productReference = CE504D241ADEB73D006670C9 /* Nameless.app */;
			productType = "com.apple.product-type.application";
		};
		CE504D3C1ADEB73D006670C9 /* NamelessTests */ = {
			isa = PBXNativeTarget;
			buildConfigurationList = CE504D4A1ADEB73D006670C9 /* Build configuration list for PBXNativeTarget "NamelessTests" */;
			buildPhases = (
				CE504D391ADEB73D006670C9 /* Sources */,
				CE504D3A1ADEB73D006670C9 /* Frameworks */,
				CE504D3B1ADEB73D006670C9 /* Resources */,
			);
			buildRules = (
			);
			dependencies = (
				CE504D3F1ADEB73D006670C9 /* PBXTargetDependency */,
			);
			name = NamelessTests;
			productName = NamelessTests;
			productReference = CE504D3D1ADEB73D006670C9 /* NamelessTests.xctest */;
			productType = "com.apple.product-type.bundle.unit-test";
		};
/* End PBXNativeTarget section */

/* Begin PBXProject section */
		CE504D1C1ADEB73D006670C9 /* Project object */ = {
			isa = PBXProject;
			attributes = {
				LastUpgradeCheck = 0630;
				ORGANIZATIONNAME = Nameless;
				TargetAttributes = {
					CE504D231ADEB73D006670C9 = {
						CreatedOnToolsVersion = 6.3;
					};
					CE504D3C1ADEB73D006670C9 = {
						CreatedOnToolsVersion = 6.3;
						TestTargetID = CE504D231ADEB73D006670C9;
					};
				};
			};
			buildConfigurationList = CE504D1F1ADEB73D006670C9 /* Build configuration list for PBXProject "Nameless" */;
			compatibilityVersion = "Xcode 3.2";
			developmentRegion = English;
			hasScannedForEncodings = 0;
			knownRegions = (
				en,
				Base,
			);
			mainGroup = CE504D1B1ADEB73D006670C9;
			productRefGroup = CE504D251ADEB73D006670C9 /* Products */;
			projectDirPath = "";
			projectRoot = "";
			targets = (
				CE504D231ADEB73D006670C9 /* Nameless */,
				CE504D3C1ADEB73D006670C9 /* NamelessTests */,
			);
		};
/* End PBXProject section */

/* Begin PBXResourcesBuildPhase section */
		CE504D221ADEB73D006670C9 /* Resources */ = {
			isa = PBXResourcesBuildPhase;
			buildActionMask = 2147483647;
			files = (
				CE504D331ADEB73D006670C9 /* Main.storyboard in Resources */,
				CE504D381ADEB73D006670C9 /* LaunchScreen.xib in Resources */,
				CE504D351ADEB73D006670C9 /* Images.xcassets in Resources */,
			);
			runOnlyForDeploymentPostprocessing = 0;
		};
		CE504D3B1ADEB73D006670C9 /* Resources */ = {
			isa = PBXResourcesBuildPhase;
			buildActionMask = 2147483647;
			files = (
			);
			runOnlyForDeploymentPostprocessing = 0;
		};
/* End PBXResourcesBuildPhase section */

/* Begin PBXSourcesBuildPhase section */
		CE504D201ADEB73D006670C9 /* Sources */ = {
			isa = PBXSourcesBuildPhase;
			buildActionMask = 2147483647;
			files = (
				CE504D301ADEB73D006670C9 /* ViewController.m in Sources */,
				CE504D2D1ADEB73D006670C9 /* AppDelegate.m in Sources */,
				CE504D2A1ADEB73D006670C9 /* main.m in Sources */,
			);
			runOnlyForDeploymentPostprocessing = 0;
		};
		CE504D391ADEB73D006670C9 /* Sources */ = {
			isa = PBXSourcesBuildPhase;
			buildActionMask = 2147483647;
			files = (
				CE504D441ADEB73D006670C9 /* NamelessTests.m in Sources */,
			);
			runOnlyForDeploymentPostprocessing = 0;
		};
/* End PBXSourcesBuildPhase section */

/* Begin PBXTargetDependency section */
		CE504D3F1ADEB73D006670C9 /* PBXTargetDependency */ = {
			isa = PBXTargetDependency;
			target = CE504D231ADEB73D006670C9 /* Nameless */;
			targetProxy = CE504D3E1ADEB73D006670C9 /* PBXContainerItemProxy */;
		};
/* End PBXTargetDependency section */

/* Begin PBXVariantGroup section */
		CE504D311ADEB73D006670C9 /* Main.storyboard */ = {
			isa = PBXVariantGroup;
			children = (
				CE504D321ADEB73D006670C9 /* Base */,
			);
			name = Main.storyboard;
			sourceTree = "<group>";
		};
		CE504D361ADEB73D006670C9 /* LaunchScreen.xib */ = {
			isa = PBXVariantGroup;
			children = (
				CE504D371ADEB73D006670C9 /* Base */,
			);
			name = LaunchScreen.xib;
			sourceTree = "<group>";
		};
/* End PBXVariantGroup section */

/* Begin XCBuildConfiguration section */
		CE504D451ADEB73D006670C9 /* Debug */ = {
			isa = XCBuildConfiguration;
			buildSettings = {
				ALWAYS_SEARCH_USER_PATHS = NO;
				CLANG_CXX_LANGUAGE_STANDARD = "gnu++0x";
				CLANG_CXX_LIBRARY = "libc++";
				CLANG_ENABLE_MODULES = YES;
				CLANG_ENABLE_OBJC_ARC = YES;
				CLANG_WARN_BOOL_CONVERSION = YES;
				CLANG_WARN_CONSTANT_CONVERSION = YES;
				CLANG_WARN_DIRECT_OBJC_ISA_USAGE = YES_ERROR;
				CLANG_WARN_EMPTY_BODY = YES;
				CLANG_WARN_ENUM_CONVERSION = YES;
				CLANG_WARN_INT_CONVERSION = YES;
				CLANG_WARN_OBJC_ROOT_CLASS = YES_ERROR;
				CLANG_WARN_UNREACHABLE_CODE = YES;
				CLANG_WARN__DUPLICATE_METHOD_MATCH = YES;
				"CODE_SIGN_IDENTITY[sdk=iphoneos*]" = "iPhone Developer";
				COPY_PHASE_STRIP = NO;
				DEBUG_INFORMATION_FORMAT = "dwarf-with-dsym";
				ENABLE_STRICT_OBJC_MSGSEND = YES;
				GCC_C_LANGUAGE_STANDARD = gnu99;
				GCC_DYNAMIC_NO_PIC = NO;
				GCC_NO_COMMON_BLOCKS = YES;
				GCC_OPTIMIZATION_LEVEL = 0;
				GCC_PREPROCESSOR_DEFINITIONS = (
					"DEBUG=1",
					"$(inherited)",
				);
				GCC_SYMBOLS_PRIVATE_EXTERN = NO;
				GCC_WARN_64_TO_32_BIT_CONVERSION = YES;
				GCC_WARN_ABOUT_RETURN_TYPE = YES_ERROR;
				GCC_WARN_UNDECLARED_SELECTOR = YES;
				GCC_WARN_UNINITIALIZED_AUTOS = YES_AGGRESSIVE;
				GCC_WARN_UNUSED_FUNCTION = YES;
				GCC_WARN_UNUSED_VARIABLE = YES;
				IPHONEOS_DEPLOYMENT_TARGET = 8.3;
				MTL_ENABLE_DEBUG_INFO = YES;
				ONLY_ACTIVE_ARCH = YES;
				SDKROOT = iphoneos;
			};
			name = Debug;
		};
		CE504D461ADEB73D006670C9 /* Release */ = {
			isa = XCBuildConfiguration;
			buildSettings = {
				ALWAYS_SEARCH_USER_PATHS = NO;
				CLANG_CXX_LANGUAGE_STANDARD = "gnu++0x";
				CLANG_CXX_LIBRARY = "libc++";
				CLANG_ENABLE_MODULES = YES;
				CLANG_ENABLE_OBJC_ARC = YES;
				CLANG_WARN_BOOL_CONVERSION = YES;
				CLANG_WARN_CONSTANT_CONVERSION = YES;
				CLANG_WARN_DIRECT_OBJC_ISA_USAGE = YES_ERROR;
				CLANG_WARN_EMPTY_BODY = YES;
				CLANG_WARN_ENUM_CONVERSION = YES;
				CLANG_WARN_INT_CONVERSION = YES;
				CLANG_WARN_OBJC_ROOT_CLASS = YES_ERROR;
				CLANG_WARN_UNREACHABLE_CODE = YES;
				CLANG_WARN__DUPLICATE_METHOD_MATCH = YES;
				"CODE_SIGN_IDENTITY[sdk=iphoneos*]" = "iPhone Developer";
				COPY_PHASE_STRIP = NO;
				DEBUG_INFORMATION_FORMAT = "dwarf-with-dsym";
				ENABLE_NS_ASSERTIONS = NO;
				ENABLE_STRICT_OBJC_MSGSEND = YES;
				GCC_C_LANGUAGE_STANDARD = gnu99;
				GCC_NO_COMMON_BLOCKS = YES;
				GCC_WARN_64_TO_32_BIT_CONVERSION = YES;
				GCC_WARN_ABOUT_RETURN_TYPE = YES_ERROR;
				GCC_WARN_UNDECLARED_SELECTOR = YES;
				GCC_WARN_UNINITIALIZED_AUTOS = YES_AGGRESSIVE;
				GCC_WARN_UNUSED_FUNCTION = YES;
				GCC_WARN_UNUSED_VARIABLE = YES;
				IPHONEOS_DEPLOYMENT_TARGET = 8.3;
				MTL_ENABLE_DEBUG_INFO = NO;
				SDKROOT = iphoneos;
				VALIDATE_PRODUCT = YES;
			};
			name = Release;
		};
		CE504D481ADEB73D006670C9 /* Debug */ = {
			isa = XCBuildConfiguration;
			buildSettings = {
				ASSETCATALOG_COMPILER_APPICON_NAME = AppIcon;
				INFOPLIST_FILE = Nameless/Info.plist;
				LD_RUNPATH_SEARCH_PATHS = "$(inherited) @executable_path/Frameworks";
				PRODUCT_NAME = "$(TARGET_NAME)";
			};
			name = Debug;
		};
		CE504D491ADEB73D006670C9 /* Release */ = {
			isa = XCBuildConfiguration;
			buildSettings = {
				ASSETCATALOG_COMPILER_APPICON_NAME = AppIcon;
				INFOPLIST_FILE = Nameless/Info.plist;
				LD_RUNPATH_SEARCH_PATHS = "$(inherited) @executable_path/Frameworks";
				PRODUCT_NAME = "$(TARGET_NAME)";
			};
			name = Release;
		};
		CE504D4B1ADEB73D006670C9 /* Debug */ = {
			isa = XCBuildConfiguration;
			buildSettings = {
				BUNDLE_LOADER = "$(TEST_HOST)";
				FRAMEWORK_SEARCH_PATHS = (
					"$(SDKROOT)/Developer/Library/Frameworks",
					"$(inherited)",
				);
				GCC_PREPROCESSOR_DEFINITIONS = (
					"DEBUG=1",
					"$(inherited)",
				);
				INFOPLIST_FILE = NamelessTests/Info.plist;
				LD_RUNPATH_SEARCH_PATHS = "$(inherited) @executable_path/Frameworks @loader_path/Frameworks";
				PRODUCT_NAME = "$(TARGET_NAME)";
				TEST_HOST = "$(BUILT_PRODUCTS_DIR)/Nameless.app/Nameless";
			};
			name = Debug;
		};
		CE504D4C1ADEB73D006670C9 /* Release */ = {
			isa = XCBuildConfiguration;
			buildSettings = {
				BUNDLE_LOADER = "$(TEST_HOST)";
				FRAMEWORK_SEARCH_PATHS = (
					"$(SDKROOT)/Developer/Library/Frameworks",
					"$(inherited)",
				);
				INFOPLIST_FILE = NamelessTests/Info.plist;
				LD_RUNPATH_SEARCH_PATHS = "$(inherited) @executable_path/Frameworks @loader_path/Frameworks";
				PRODUCT_NAME = "$(TARGET_NAME)";
				TEST_HOST = "$(BUILT_PRODUCTS_DIR)/Nameless.app/Nameless";
			};
			name = Release;
		};
/* End XCBuildConfiguration section */

/* Begin XCConfigurationList section */
		CE504D1F1ADEB73D006670C9 /* Build configuration list for PBXProject "Nameless" */ = {
			isa = XCConfigurationList;
			buildConfigurations = (
				CE504D451ADEB73D006670C9 /* Debug */,
				CE504D461ADEB73D006670C9 /* Release */,
			);
			defaultConfigurationIsVisible = 0;
			defaultConfigurationName = Release;
		};
		CE504D471ADEB73D006670C9 /* Build configuration list for PBXNativeTarget "Nameless" */ = {
			isa = XCConfigurationList;
			buildConfigurations = (
				CE504D481ADEB73D006670C9 /* Debug */,
				CE504D491ADEB73D006670C9 /* Release */,
			);
			defaultConfigurationIsVisible = 0;
		};
		CE504D4A1ADEB73D006670C9 /* Build configuration list for PBXNativeTarget "NamelessTests" */ = {
			isa = XCConfigurationList;
			buildConfigurations = (
				CE504D4B1ADEB73D006670C9 /* Debug */,
				CE504D4C1ADEB73D006670C9 /* Release */,
			);
			defaultConfigurationIsVisible = 0;
		};
/* End XCConfigurationList section */
	};
	rootObject = CE504D1C1ADEB73D006670C9 /* Project object */;
}
